
Microsoft Visual Studio Solution File, Format Version 12.00
# Visual Studio Version 17
VisualStudioVersion = 17.5.33414.496
MinimumVisualStudioVersion = 10.0.40219.1
Project("{FAE04EC0-301F-11D3-BF4B-00C04F79EFBC}") = "lock", "lock\lock.csproj", "{227738F1-3A2C-47AF-8D42-59ADF6351391}"
EndProject
Global
	GlobalSection(SolutionConfigurationPlatforms) = preSolution
		Debug|Any CPU = Debug|Any CPU
		Release|Any CPU = Release|Any CPU
	EndGlobalSection
	GlobalSection(ProjectConfigurationPlatforms) = postSolution
		{227738F1-3A2C-47AF-8D42-59ADF6351391}.Debug|Any CPU.ActiveCfg = Debug|Any CPU
		{227738F1-3A2C-47AF-8D42-59ADF6351391}.Debug|Any CPU.Build.0 = Debug|Any CPU
		{227738F1-3A2C-47AF-8D42-59ADF6351391}.Release|Any CPU.ActiveCfg = Release|Any CPU
		{227738F1-3A2C-47AF-8D42-59ADF6351391}.Release|Any CPU.Build.0 = Release|Any CPU
	EndGlobalSection
	GlobalSection(SolutionProperties) = preSolution
		HideSolutionNode = FALSE
	EndGlobalSection
	GlobalSection(ExtensibilityGlobals) = postSolution
		SolutionGuid = {0AF52D11-5399-4A48-B36E-E296912237FD}
	EndGlobalSection
EndGlobal
